
Microsoft Visual Studio Solution File, Format Version 12.00
# Visual Studio Version 16
VisualStudioVersion = 16.0.29519.87
MinimumVisualStudioVersion = 10.0.40219.1
Project("{FAE04EC0-301F-11D3-BF4B-00C04F79EFBC}") = "DTDOrganizer", "DTDOrganizer\DTDOrganizer.csproj", "{3A9164C5-E7A2-408A-A53F-E9D89A56C9FD}"
EndProject
Global
	GlobalSection(SolutionConfigurationPlatforms) = preSolution
		Debug|Any CPU = Debug|Any CPU
		Release|Any CPU = Release|Any CPU
	EndGlobalSection
	GlobalSection(ProjectConfigurationPlatforms) = postSolution
		{3A9164C5-E7A2-408A-A53F-E9D89A56C9FD}.Debug|Any CPU.ActiveCfg = Debug|Any CPU
		{3A9164C5-E7A2-408A-A53F-E9D89A56C9FD}.Debug|Any CPU.Build.0 = Debug|Any CPU
		{3A9164C5-E7A2-408A-A53F-E9D89A56C9FD}.Release|Any CPU.ActiveCfg = Release|Any CPU
		{3A9164C5-E7A2-408A-A53F-E9D89A56C9FD}.Release|Any CPU.Build.0 = Release|Any CPU
	EndGlobalSection
	GlobalSection(SolutionProperties) = preSolution
		HideSolutionNode = FALSE
	EndGlobalSection
	GlobalSection(ExtensibilityGlobals) = postSolution
		SolutionGuid = {3EC9ED06-2101-4092-9DC0-73C71CA403F9}
	EndGlobalSection
EndGlobal
